
Microsoft Visual Studio Solution File, Format Version 12.00
# Visual Studio 15
VisualStudioVersion = 15.0.27703.2026
MinimumVisualStudioVersion = 10.0.40219.1
Project("{FAE04EC0-301F-11D3-BF4B-00C04F79EFBC}") = "Rosco", "Rosco\Rosco.csproj", "{87DA918D-CBA9-4310-B559-21A0D0B5DC33}"
EndProject
Global
	GlobalSection(SolutionConfigurationPlatforms) = preSolution
		Debug|Any CPU = Debug|Any CPU
		Release|Any CPU = Release|Any CPU
	EndGlobalSection
	GlobalSection(ProjectConfigurationPlatforms) = postSolution
		{87DA918D-CBA9-4310-B559-21A0D0B5DC33}.Debug|Any CPU.ActiveCfg = Debug|Any CPU
		{87DA918D-CBA9-4310-B559-21A0D0B5DC33}.Debug|Any CPU.Build.0 = Debug|Any CPU
		{87DA918D-CBA9-4310-B559-21A0D0B5DC33}.Release|Any CPU.ActiveCfg = Release|Any CPU
		{87DA918D-CBA9-4310-B559-21A0D0B5DC33}.Release|Any CPU.Build.0 = Release|Any CPU
	EndGlobalSection
	GlobalSection(SolutionProperties) = preSolution
		HideSolutionNode = FALSE
	EndGlobalSection
	GlobalSection(ExtensibilityGlobals) = postSolution
		SolutionGuid = {A64E1888-5954-4312-B53F-5A76434D2A7F}
	EndGlobalSection
EndGlobal
